
Microsoft Visual Studio Solution File, Format Version 12.00
# Visual Studio Version 17
VisualStudioVersion = 17.4.33403.182
MinimumVisualStudioVersion = 10.0.40219.1
Project("{FAE04EC0-301F-11D3-BF4B-00C04F79EFBC}") = "E01.Distance", "E01.Distance\E01.Distance.csproj", "{C2DAF91F-1019-4BD3-9584-BF77C1F83CDC}"
EndProject
Project("{FAE04EC0-301F-11D3-BF4B-00C04F79EFBC}") = "E03.Flowers", "E03.Flowers\E03.Flowers.csproj", "{F9C1E234-5A91-4629-B04D-497CCCF468F0}"
EndProject
Project("{FAE04EC0-301F-11D3-BF4B-00C04F79EFBC}") = "E02.ChangeTiles", "E02.ChangeTiles\E02.ChangeTiles.csproj", "{B3BC73FA-F0FE-496E-8ED2-D3AD868C3539}"
EndProject
Project("{FAE04EC0-301F-11D3-BF4B-00C04F79EFBC}") = "E04.Grades", "E04.Grades\E04.Grades.csproj", "{B6DEC612-95C6-4EB2-A065-05E323BB613F}"
EndProject
Project("{FAE04EC0-301F-11D3-BF4B-00C04F79EFBC}") = "E05.ChristmasHat", "E05.ChristmasHat\E05.ChristmasHat.csproj", "{987614A8-C9A6-4C5E-AE38-E99304C94FBB}"
EndProject
Project("{FAE04EC0-301F-11D3-BF4B-00C04F79EFBC}") = "E06.LettersCombinations", "E06.LettersCombinations\E06.LettersCombinations.csproj", "{087420F7-42AC-4BC6-937A-9A5979857809}"
EndProject
Global
	GlobalSection(SolutionConfigurationPlatforms) = preSolution
		Debug|Any CPU = Debug|Any CPU
		Release|Any CPU = Release|Any CPU
	EndGlobalSection
	GlobalSection(ProjectConfigurationPlatforms) = postSolution
		{C2DAF91F-1019-4BD3-9584-BF77C1F83CDC}.Debug|Any CPU.ActiveCfg = Debug|Any CPU
		{C2DAF91F-1019-4BD3-9584-BF77C1F83CDC}.Debug|Any CPU.Build.0 = Debug|Any CPU
		{C2DAF91F-1019-4BD3-9584-BF77C1F83CDC}.Release|Any CPU.ActiveCfg = Release|Any CPU
		{C2DAF91F-1019-4BD3-9584-BF77C1F83CDC}.Release|Any CPU.Build.0 = Release|Any CPU
		{F9C1E234-5A91-4629-B04D-497CCCF468F0}.Debug|Any CPU.ActiveCfg = Debug|Any CPU
		{F9C1E234-5A91-4629-B04D-497CCCF468F0}.Debug|Any CPU.Build.0 = Debug|Any CPU
		{F9C1E234-5A91-4629-B04D-497CCCF468F0}.Release|Any CPU.ActiveCfg = Release|Any CPU
		{F9C1E234-5A91-4629-B04D-497CCCF468F0}.Release|Any CPU.Build.0 = Release|Any CPU
		{B3BC73FA-F0FE-496E-8ED2-D3AD868C3539}.Debug|Any CPU.ActiveCfg = Debug|Any CPU
		{B3BC73FA-F0FE-496E-8ED2-D3AD868C3539}.Debug|Any CPU.Build.0 = Debug|Any CPU
		{B3BC73FA-F0FE-496E-8ED2-D3AD868C3539}.Release|Any CPU.ActiveCfg = Release|Any CPU
		{B3BC73FA-F0FE-496E-8ED2-D3AD868C3539}.Release|Any CPU.Build.0 = Release|Any CPU
		{B6DEC612-95C6-4EB2-A065-05E323BB613F}.Debug|Any CPU.ActiveCfg = Debug|Any CPU
		{B6DEC612-95C6-4EB2-A065-05E323BB613F}.Debug|Any CPU.Build.0 = Debug|Any CPU
		{B6DEC612-95C6-4EB2-A065-05E323BB613F}.Release|Any CPU.ActiveCfg = Release|Any CPU
		{B6DEC612-95C6-4EB2-A065-05E323BB613F}.Release|Any CPU.Build.0 = Release|Any CPU
		{987614A8-C9A6-4C5E-AE38-E99304C94FBB}.Debug|Any CPU.ActiveCfg = Debug|Any CPU
		{987614A8-C9A6-4C5E-AE38-E99304C94FBB}.Debug|Any CPU.Build.0 = Debug|Any CPU
		{987614A8-C9A6-4C5E-AE38-E99304C94FBB}.Release|Any CPU.ActiveCfg = Release|Any CPU
		{987614A8-C9A6-4C5E-AE38-E99304C94FBB}.Release|Any CPU.Build.0 = Release|Any CPU
		{087420F7-42AC-4BC6-937A-9A5979857809}.Debug|Any CPU.ActiveCfg = Debug|Any CPU
		{087420F7-42AC-4BC6-937A-9A5979857809}.Debug|Any CPU.Build.0 = Debug|Any CPU
		{087420F7-42AC-4BC6-937A-9A5979857809}.Release|Any CPU.ActiveCfg = Release|Any CPU
		{087420F7-42AC-4BC6-937A-9A5979857809}.Release|Any CPU.Build.0 = Release|Any CPU
	EndGlobalSection
	GlobalSection(SolutionProperties) = preSolution
		HideSolutionNode = FALSE
	EndGlobalSection
	GlobalSection(ExtensibilityGlobals) = postSolution
		SolutionGuid = {60EB8E74-A98E-428E-BC2A-EB3C10A75265}
	EndGlobalSection
EndGlobal
