
Microsoft Visual Studio Solution File, Format Version 12.00
# Visual Studio Version 17
VisualStudioVersion = 17.4.33403.182
MinimumVisualStudioVersion = 10.0.40219.1
Project("{FAE04EC0-301F-11D3-BF4B-00C04F79EFBC}") = "E01.StupidPasswordGenerator", "E01.StupidPasswordGenerator\E01.StupidPasswordGenerator.csproj", "{675692AF-6887-4AB9-B82D-8FD7005060D4}"
EndProject
Project("{FAE04EC0-301F-11D3-BF4B-00C04F79EFBC}") = "E02.MagicCombination", "E02.MagicCombination\E02.MagicCombination.csproj", "{A23BD86C-9F9C-4CF3-8A9D-49B6836BD059}"
EndProject
Project("{FAE04EC0-301F-11D3-BF4B-00C04F79EFBC}") = "E03.StopNumber", "E03.StopNumber\E03.StopNumber.csproj", "{234D8082-EDC8-4192-B285-35151BA6CD56}"
EndProject
Project("{FAE04EC0-301F-11D3-BF4B-00C04F79EFBC}") = "E04.SpecialNumbers", "E04.SpecialNumbers\E04.SpecialNumbers.csproj", "{200194AD-0F74-4FBC-BFBC-AF50BCBF92C2}"
EndProject
Project("{FAE04EC0-301F-11D3-BF4B-00C04F79EFBC}") = "E05.Digits", "E05.Digits\E05.Digits.csproj", "{58937053-434B-4041-93C0-9FB815316D8D}"
EndProject
Global
	GlobalSection(SolutionConfigurationPlatforms) = preSolution
		Debug|Any CPU = Debug|Any CPU
		Release|Any CPU = Release|Any CPU
	EndGlobalSection
	GlobalSection(ProjectConfigurationPlatforms) = postSolution
		{675692AF-6887-4AB9-B82D-8FD7005060D4}.Debug|Any CPU.ActiveCfg = Debug|Any CPU
		{675692AF-6887-4AB9-B82D-8FD7005060D4}.Debug|Any CPU.Build.0 = Debug|Any CPU
		{675692AF-6887-4AB9-B82D-8FD7005060D4}.Release|Any CPU.ActiveCfg = Release|Any CPU
		{675692AF-6887-4AB9-B82D-8FD7005060D4}.Release|Any CPU.Build.0 = Release|Any CPU
		{A23BD86C-9F9C-4CF3-8A9D-49B6836BD059}.Debug|Any CPU.ActiveCfg = Debug|Any CPU
		{A23BD86C-9F9C-4CF3-8A9D-49B6836BD059}.Debug|Any CPU.Build.0 = Debug|Any CPU
		{A23BD86C-9F9C-4CF3-8A9D-49B6836BD059}.Release|Any CPU.ActiveCfg = Release|Any CPU
		{A23BD86C-9F9C-4CF3-8A9D-49B6836BD059}.Release|Any CPU.Build.0 = Release|Any CPU
		{234D8082-EDC8-4192-B285-35151BA6CD56}.Debug|Any CPU.ActiveCfg = Debug|Any CPU
		{234D8082-EDC8-4192-B285-35151BA6CD56}.Debug|Any CPU.Build.0 = Debug|Any CPU
		{234D8082-EDC8-4192-B285-35151BA6CD56}.Release|Any CPU.ActiveCfg = Release|Any CPU
		{234D8082-EDC8-4192-B285-35151BA6CD56}.Release|Any CPU.Build.0 = Release|Any CPU
		{200194AD-0F74-4FBC-BFBC-AF50BCBF92C2}.Debug|Any CPU.ActiveCfg = Debug|Any CPU
		{200194AD-0F74-4FBC-BFBC-AF50BCBF92C2}.Debug|Any CPU.Build.0 = Debug|Any CPU
		{200194AD-0F74-4FBC-BFBC-AF50BCBF92C2}.Release|Any CPU.ActiveCfg = Release|Any CPU
		{200194AD-0F74-4FBC-BFBC-AF50BCBF92C2}.Release|Any CPU.Build.0 = Release|Any CPU
		{58937053-434B-4041-93C0-9FB815316D8D}.Debug|Any CPU.ActiveCfg = Debug|Any CPU
		{58937053-434B-4041-93C0-9FB815316D8D}.Debug|Any CPU.Build.0 = Debug|Any CPU
		{58937053-434B-4041-93C0-9FB815316D8D}.Release|Any CPU.ActiveCfg = Release|Any CPU
		{58937053-434B-4041-93C0-9FB815316D8D}.Release|Any CPU.Build.0 = Release|Any CPU
	EndGlobalSection
	GlobalSection(SolutionProperties) = preSolution
		HideSolutionNode = FALSE
	EndGlobalSection
	GlobalSection(ExtensibilityGlobals) = postSolution
		SolutionGuid = {F3E756B8-B622-411B-B18C-A517564F28F7}
	EndGlobalSection
EndGlobal
